
Microsoft Visual Studio Solution File, Format Version 12.00
# Visual Studio Version 17
VisualStudioVersion = 17.14.36616.10
MinimumVisualStudioVersion = 10.0.40219.1
Project("{FAE04EC0-301F-11D3-BF4B-00C04F79EFBC}") = "ASPNetWeb.IdentityRole.Demo", "ASPNetWeb.IdentityRole.Demo.csproj", "{AACD49A5-99A3-4183-81E6-83C245F8F82E}"
EndProject
Global
	GlobalSection(SolutionConfigurationPlatforms) = preSolution
		Debug|Any CPU = Debug|Any CPU
		Release|Any CPU = Release|Any CPU
	EndGlobalSection
	GlobalSection(ProjectConfigurationPlatforms) = postSolution
		{AACD49A5-99A3-4183-81E6-83C245F8F82E}.Debug|Any CPU.ActiveCfg = Debug|Any CPU
		{AACD49A5-99A3-4183-81E6-83C245F8F82E}.Debug|Any CPU.Build.0 = Debug|Any CPU
		{AACD49A5-99A3-4183-81E6-83C245F8F82E}.Release|Any CPU.ActiveCfg = Release|Any CPU
		{AACD49A5-99A3-4183-81E6-83C245F8F82E}.Release|Any CPU.Build.0 = Release|Any CPU
	EndGlobalSection
	GlobalSection(SolutionProperties) = preSolution
		HideSolutionNode = FALSE
	EndGlobalSection
	GlobalSection(ExtensibilityGlobals) = postSolution
		SolutionGuid = {D7E6AF9C-84F7-4FBB-B89A-DA23EB589379}
	EndGlobalSection
EndGlobal
